
Microsoft Visual Studio Solution File, Format Version 12.00
# Visual Studio Version 16
VisualStudioVersion = 16.0.29806.167
MinimumVisualStudioVersion = 10.0.40219.1
Project("{2150E333-8FDC-42A3-9474-1A3956D46DE8}") = "build", "build", "{463F1FE2-F6B6-471A-9394-629C2E5462F9}"
	ProjectSection(SolutionItems) = preProject
		build\azure-pipelines-dev.yml = build\azure-pipelines-dev.yml
		build\azure-pipelines.yml = build\azure-pipelines.yml
	EndProjectSection
EndProject
Project("{2150E333-8FDC-42A3-9474-1A3956D46DE8}") = "misc", "misc", "{96546247-ECFA-450E-BA54-162350BA5E60}"
	ProjectSection(SolutionItems) = preProject
		misc\changelog.txt = misc\changelog.txt
		misc\todo.txt = misc\todo.txt
	EndProjectSection
EndProject
Project("{2150E333-8FDC-42A3-9474-1A3956D46DE8}") = "nuget", "nuget", "{C9C3070D-6AA6-4503-B1F3-7B40849224F2}"
	ProjectSection(SolutionItems) = preProject
		nuget\TauCode.WebApi.Server.NHibernate.nuspec = nuget\TauCode.WebApi.Server.NHibernate.nuspec
	EndProjectSection
EndProject
Project("{2150E333-8FDC-42A3-9474-1A3956D46DE8}") = "src", "src", "{603FB3ED-11D5-4BE6-B426-EC0A0784033C}"
EndProject
Project("{2150E333-8FDC-42A3-9474-1A3956D46DE8}") = "test", "test", "{81D58368-3EC0-4114-AEE0-54E705A712D1}"
EndProject
Project("{9A19103F-16F7-4668-BE54-9A1E7A4F7556}") = "TauCode.WebApi.Server.NHibernate", "src\TauCode.WebApi.Server.NHibernate\TauCode.WebApi.Server.NHibernate.csproj", "{CE504160-8CF7-48E1-A34A-27634055EF25}"
EndProject
Project("{9A19103F-16F7-4668-BE54-9A1E7A4F7556}") = "TauCode.WebApi.Server.NHibernate.Tests", "test\TauCode.WebApi.Server.NHibernate.Tests\TauCode.WebApi.Server.NHibernate.Tests.csproj", "{12438B75-61FA-4D71-A92B-D9DE0CF07B6A}"
EndProject
Global
	GlobalSection(SolutionConfigurationPlatforms) = preSolution
		Debug|Any CPU = Debug|Any CPU
		Release|Any CPU = Release|Any CPU
	EndGlobalSection
	GlobalSection(ProjectConfigurationPlatforms) = postSolution
		{CE504160-8CF7-48E1-A34A-27634055EF25}.Debug|Any CPU.ActiveCfg = Debug|Any CPU
		{CE504160-8CF7-48E1-A34A-27634055EF25}.Debug|Any CPU.Build.0 = Debug|Any CPU
		{CE504160-8CF7-48E1-A34A-27634055EF25}.Release|Any CPU.ActiveCfg = Release|Any CPU
		{CE504160-8CF7-48E1-A34A-27634055EF25}.Release|Any CPU.Build.0 = Release|Any CPU
		{12438B75-61FA-4D71-A92B-D9DE0CF07B6A}.Debug|Any CPU.ActiveCfg = Debug|Any CPU
		{12438B75-61FA-4D71-A92B-D9DE0CF07B6A}.Debug|Any CPU.Build.0 = Debug|Any CPU
		{12438B75-61FA-4D71-A92B-D9DE0CF07B6A}.Release|Any CPU.ActiveCfg = Release|Any CPU
		{12438B75-61FA-4D71-A92B-D9DE0CF07B6A}.Release|Any CPU.Build.0 = Release|Any CPU
	EndGlobalSection
	GlobalSection(SolutionProperties) = preSolution
		HideSolutionNode = FALSE
	EndGlobalSection
	GlobalSection(NestedProjects) = preSolution
		{CE504160-8CF7-48E1-A34A-27634055EF25} = {603FB3ED-11D5-4BE6-B426-EC0A0784033C}
		{12438B75-61FA-4D71-A92B-D9DE0CF07B6A} = {81D58368-3EC0-4114-AEE0-54E705A712D1}
	EndGlobalSection
	GlobalSection(ExtensibilityGlobals) = postSolution
		SolutionGuid = {CD04B96C-FA5B-4AFD-BE2D-A736138995BC}
	EndGlobalSection
EndGlobal
